// !$*UTF8*$!
{
	archiveVersion = 1;
	classes = {
	};
	objectVersion = 50;
	objects = {

/* Begin PBXBuildFile section */
		11CE9FE420BE891E005FB972 /* AppDelegate.m in Sources */ = {isa = PBXBuildFile; fileRef = 11CE9FE320BE891E005FB972 /* AppDelegate.m */; };
		11CE9FE720BE891E005FB972 /* ViewController.m in Sources */ = {isa = PBXBuildFile; fileRef = 11CE9FE620BE891E005FB972 /* ViewController.m */; };
		11CE9FEA20BE891E005FB972 /* Main.storyboard in Resources */ = {isa = PBXBuildFile; fileRef = 11CE9FE820BE891E005FB972 /* Main.storyboard */; };
		11CE9FEC20BE891F005FB972 /* Assets.xcassets in Resources */ = {isa = PBXBuildFile; fileRef = 11CE9FEB20BE891F005FB972 /* Assets.xcassets */; };
		11CE9FEF20BE891F005FB972 /* LaunchScreen.storyboard in Resources */ = {isa = PBXBuildFile; fileRef = 11CE9FED20BE891F005FB972 /* LaunchScreen.storyboard */; };
		11CE9FF220BE891F005FB972 /* main.m in Sources */ = {isa = PBXBuildFile; fileRef = 11CE9FF120BE891F005FB972 /* main.m */; };
		11CE9FFC20BE891F005FB972 /* compomentTests.m in Sources */ = {isa = PBXBuildFile; fileRef = 11CE9FFB20BE891F005FB972 /* compomentTests.m */; };
		11CEA00720BE891F005FB972 /* compomentUITests.m in Sources */ = {isa = PBXBuildFile; fileRef = 11CEA00620BE891F005FB972 /* compomentUITests.m */; };
/* End PBXBuildFile section */

/* Begin PBXContainerItemProxy section */
		11CE9FF820BE891F005FB972 /* PBXContainerItemProxy */ = {
			isa = PBXContainerItemProxy;
			containerPortal = 11CE9FD720BE891E005FB972 /* Project object */;
			proxyType = 1;
			remoteGlobalIDString = 11CE9FDE20BE891E005FB972;
			remoteInfo = compoment;
		};
		11CEA00320BE891F005FB972 /* PBXContainerItemProxy */ = {
			isa = PBXContainerItemProxy;
			containerPortal = 11CE9FD720BE891E005FB972 /* Project object */;
			proxyType = 1;
			remoteGlobalIDString = 11CE9FDE20BE891E005FB972;
			remoteInfo = compoment;
		};
/* End PBXContainerItemProxy section */

/* Begin PBXFileReference section */
		11CE9FDF20BE891E005FB972 /* compoment.app */ = {isa = PBXFileReference; explicitFileType = wrapper.application; includeInIndex = 0; path = compoment.app; sourceTree = BUILT_PRODUCTS_DIR; };
		11CE9FE220BE891E005FB972 /* AppDelegate.h */ = {isa = PBXFileReference; lastKnownFileType = sourcecode.c.h; path = AppDelegate.h; sourceTree = "<group>"; };
		11CE9FE320BE891E005FB972 /* AppDelegate.m */ = {isa = PBXFileReference; lastKnownFileType = sourcecode.c.objc; path = AppDelegate.m; sourceTree = "<group>"; };
		11CE9FE520BE891E005FB972 /* ViewController.h */ = {isa = PBXFileReference; lastKnownFileType = sourcecode.c.h; path = ViewController.h; sourceTree = "<group>"; };
		11CE9FE620BE891E005FB972 /* ViewController.m */ = {isa = PBXFileReference; lastKnownFileType = sourcecode.c.objc; path = ViewController.m; sourceTree = "<group>"; };
		11CE9FE920BE891E005FB972 /* Base */ = {isa = PBXFileReference; lastKnownFileType = file.storyboard; name = Base; path = Base.lproj/Main.storyboard; sourceTree = "<group>"; };
		11CE9FEB20BE891F005FB972 /* Assets.xcassets */ = {isa = PBXFileReference; lastKnownFileType = folder.assetcatalog; path = Assets.xcassets; sourceTree = "<group>"; };
		11CE9FEE20BE891F005FB972 /* Base */ = {isa = PBXFileReference; lastKnownFileType = file.storyboard; name = Base; path = Base.lproj/LaunchScreen.storyboard; sourceTree = "<group>"; };
		11CE9FF020BE891F005FB972 /* Info.plist */ = {isa = PBXFileReference; lastKnownFileType = text.plist.xml; path = Info.plist; sourceTree = "<group>"; };
		11CE9FF120BE891F005FB972 /* main.m */ = {isa = PBXFileReference; lastKnownFileType = sourcecode.c.objc; path = main.m; sourceTree = "<group>"; };
		11CE9FF720BE891F005FB972 /* compomentTests.xctest */ = {isa = PBXFileReference; explicitFileType = wrapper.cfbundle; includeInIndex = 0; path = compomentTests.xctest; sourceTree = BUILT_PRODUCTS_DIR; };
		11CE9FFB20BE891F005FB972 /* compomentTests.m */ = {isa = PBXFileReference; lastKnownFileType = sourcecode.c.objc; path = compomentTests.m; sourceTree = "<group>"; };
		11CE9FFD20BE891F005FB972 /* Info.plist */ = {isa = PBXFileReference; lastKnownFileType = text.plist.xml; path = Info.plist; sourceTree = "<group>"; };
		11CEA00220BE891F005FB972 /* compomentUITests.xctest */ = {isa = PBXFileReference; explicitFileType = wrapper.cfbundle; includeInIndex = 0; path = compomentUITests.xctest; sourceTree = BUILT_PRODUCTS_DIR; };
		11CEA00620BE891F005FB972 /* compomentUITests.m */ = {isa = PBXFileReference; lastKnownFileType = sourcecode.c.objc; path = compomentUITests.m; sourceTree = "<group>"; };
		11CEA00820BE891F005FB972 /* Info.plist */ = {isa = PBXFileReference; lastKnownFileType = text.plist.xml; path = Info.plist; sourceTree = "<group>"; };
/* End PBXFileReference section */

/* Begin PBXFrameworksBuildPhase section */
		11CE9FDC20BE891E005FB972 /* Frameworks */ = {
			isa = PBXFrameworksBuildPhase;
			buildActionMask = 2147483647;
			files = (
			);
			runOnlyForDeploymentPostprocessing = 0;
		};
		11CE9FF420BE891F005FB972 /* Frameworks */ = {
			isa = PBXFrameworksBuildPhase;
			buildActionMask = 2147483647;
			files = (
			);
			runOnlyForDeploymentPostprocessing = 0;
		};
		11CE9FFF20BE891F005FB972 /* Frameworks */ = {
			isa = PBXFrameworksBuildPhase;
			buildActionMask = 2147483647;
			files = (
			);
			runOnlyForDeploymentPostprocessing = 0;
		};
/* End PBXFrameworksBuildPhase section */

/* Begin PBXGroup section */
		11CE9FD620BE891E005FB972 = {
			isa = PBXGroup;
			children = (
				11CE9FE120BE891E005FB972 /* compoment */,
				11CE9FFA20BE891F005FB972 /* compomentTests */,
				11CEA00520BE891F005FB972 /* compomentUITests */,
				11CE9FE020BE891E005FB972 /* Products */,
			);
			sourceTree = "<group>";
		};
		11CE9FE020BE891E005FB972 /* Products */ = {
			isa = PBXGroup;
			children = (
				11CE9FDF20BE891E005FB972 /* compoment.app */,
				11CE9FF720BE891F005FB972 /* compomentTests.xctest */,
				11CEA00220BE891F005FB972 /* compomentUITests.xctest */,
			);
			name = Products;
			sourceTree = "<group>";
		};
		11CE9FE120BE891E005FB972 /* compoment */ = {
			isa = PBXGroup;
			children = (
				11CE9FE220BE891E005FB972 /* AppDelegate.h */,
				11CE9FE320BE891E005FB972 /* AppDelegate.m */,
				11CE9FE520BE891E005FB972 /* ViewController.h */,
				11CE9FE620BE891E005FB972 /* ViewController.m */,
				11CE9FE820BE891E005FB972 /* Main.storyboard */,
				11CE9FEB20BE891F005FB972 /* Assets.xcassets */,
				11CE9FED20BE891F005FB972 /* LaunchScreen.storyboard */,
				11CE9FF020BE891F005FB972 /* Info.plist */,
				11CE9FF120BE891F005FB972 /* main.m */,
			);
			path = compoment;
			sourceTree = "<group>";
		};
		11CE9FFA20BE891F005FB972 /* compomentTests */ = {
			isa = PBXGroup;
			children = (
				11CE9FFB20BE891F005FB972 /* compomentTests.m */,
				11CE9FFD20BE891F005FB972 /* Info.plist */,
			);
			path = compomentTests;
			sourceTree = "<group>";
		};
		11CEA00520BE891F005FB972 /* compomentUITests */ = {
			isa = PBXGroup;
			children = (
				11CEA00620BE891F005FB972 /* compomentUITests.m */,
				11CEA00820BE891F005FB972 /* Info.plist */,
			);
			path = compomentUITests;
			sourceTree = "<group>";
		};
/* End PBXGroup section */

/* Begin PBXNativeTarget section */
		11CE9FDE20BE891E005FB972 /* compoment */ = {
			isa = PBXNativeTarget;
			buildConfigurationList = 11CEA00B20BE891F005FB972 /* Build configuration list for PBXNativeTarget "compoment" */;
			buildPhases = (
				11CE9FDB20BE891E005FB972 /* Sources */,
				11CE9FDC20BE891E005FB972 /* Frameworks */,
				11CE9FDD20BE891E005FB972 /* Resources */,
			);
			buildRules = (
			);
			dependencies = (
			);
			name = compoment;
			productName = compoment;
			productReference = 11CE9FDF20BE891E005FB972 /* compoment.app */;
			productType = "com.apple.product-type.application";
		};
		11CE9FF620BE891F005FB972 /* compomentTests */ = {
			isa = PBXNativeTarget;
			buildConfigurationList = 11CEA00E20BE891F005FB972 /* Build configuration list for PBXNativeTarget "compomentTests" */;
			buildPhases = (
				11CE9FF320BE891F005FB972 /* Sources */,
				11CE9FF420BE891F005FB972 /* Frameworks */,
				11CE9FF520BE891F005FB972 /* Resources */,
			);
			buildRules = (
			);
			dependencies = (
				11CE9FF920BE891F005FB972 /* PBXTargetDependency */,
			);
			name = compomentTests;
			productName = compomentTests;
			productReference = 11CE9FF720BE891F005FB972 /* compomentTests.xctest */;
			productType = "com.apple.product-type.bundle.unit-test";
		};
		11CEA00120BE891F005FB972 /* compomentUITests */ = {
			isa = PBXNativeTarget;
			buildConfigurationList = 11CEA01120BE891F005FB972 /* Build configuration list for PBXNativeTarget "compomentUITests" */;
			buildPhases = (
				11CE9FFE20BE891F005FB972 /* Sources */,
				11CE9FFF20BE891F005FB972 /* Frameworks */,
				11CEA00020BE891F005FB972 /* Resources */,
			);
			buildRules = (
			);
			dependencies = (
				11CEA00420BE891F005FB972 /* PBXTargetDependency */,
			);
			name = compomentUITests;
			productName = compomentUITests;
			productReference = 11CEA00220BE891F005FB972 /* compomentUITests.xctest */;
			productType = "com.apple.product-type.bundle.ui-testing";
		};
/* End PBXNativeTarget section */

/* Begin PBXProject section */
		11CE9FD720BE891E005FB972 /* Project object */ = {
			isa = PBXProject;
			attributes = {
				LastUpgradeCheck = 0930;
				ORGANIZATIONNAME = Eason.Shi;
				TargetAttributes = {
					11CE9FDE20BE891E005FB972 = {
						CreatedOnToolsVersion = 9.3;
					};
					11CE9FF620BE891F005FB972 = {
						CreatedOnToolsVersion = 9.3;
						TestTargetID = 11CE9FDE20BE891E005FB972;
					};
					11CEA00120BE891F005FB972 = {
						CreatedOnToolsVersion = 9.3;
						TestTargetID = 11CE9FDE20BE891E005FB972;
					};
				};
			};
			buildConfigurationList = 11CE9FDA20BE891E005FB972 /* Build configuration list for PBXProject "compoment" */;
			compatibilityVersion = "Xcode 9.3";
			developmentRegion = en;
			hasScannedForEncodings = 0;
			knownRegions = (
				en,
				Base,
			);
			mainGroup = 11CE9FD620BE891E005FB972;
			productRefGroup = 11CE9FE020BE891E005FB972 /* Products */;
			projectDirPath = "";
			projectRoot = "";
			targets = (
				11CE9FDE20BE891E005FB972 /* compoment */,
				11CE9FF620BE891F005FB972 /* compomentTests */,
				11CEA00120BE891F005FB972 /* compomentUITests */,
			);
		};
/* End PBXProject section */

/* Begin PBXResourcesBuildPhase section */
		11CE9FDD20BE891E005FB972 /* Resources */ = {
			isa = PBXResourcesBuildPhase;
			buildActionMask = 2147483647;
			files = (
				11CE9FEF20BE891F005FB972 /* LaunchScreen.storyboard in Resources */,
				11CE9FEC20BE891F005FB972 /* Assets.xcassets in Resources */,
				11CE9FEA20BE891E005FB972 /* Main.storyboard in Resources */,
			);
			runOnlyForDeploymentPostprocessing = 0;
		};
		11CE9FF520BE891F005FB972 /* Resources */ = {
			isa = PBXResourcesBuildPhase;
			buildActionMask = 2147483647;
			files = (
			);
			runOnlyForDeploymentPostprocessing = 0;
		};
		11CEA00020BE891F005FB972 /* Resources */ = {
			isa = PBXResourcesBuildPhase;
			buildActionMask = 2147483647;
			files = (
			);
			runOnlyForDeploymentPostprocessing = 0;
		};
/* End PBXResourcesBuildPhase section */

/* Begin PBXSourcesBuildPhase section */
		11CE9FDB20BE891E005FB972 /* Sources */ = {
			isa = PBXSourcesBuildPhase;
			buildActionMask = 2147483647;
			files = (
				11CE9FE720BE891E005FB972 /* ViewController.m in Sources */,
				11CE9FF220BE891F005FB972 /* main.m in Sources */,
				11CE9FE420BE891E005FB972 /* AppDelegate.m in Sources */,
			);
			runOnlyForDeploymentPostprocessing = 0;
		};
		11CE9FF320BE891F005FB972 /* Sources */ = {
			isa = PBXSourcesBuildPhase;
			buildActionMask = 2147483647;
			files = (
				11CE9FFC20BE891F005FB972 /* compomentTests.m in Sources */,
			);
			runOnlyForDeploymentPostprocessing = 0;
		};
		11CE9FFE20BE891F005FB972 /* Sources */ = {
			isa = PBXSourcesBuildPhase;
			buildActionMask = 2147483647;
			files = (
				11CEA00720BE891F005FB972 /* compomentUITests.m in Sources */,
			);
			runOnlyForDeploymentPostprocessing = 0;
		};
/* End PBXSourcesBuildPhase section */

/* Begin PBXTargetDependency section */
		11CE9FF920BE891F005FB972 /* PBXTargetDependency */ = {
			isa = PBXTargetDependency;
			target = 11CE9FDE20BE891E005FB972 /* compoment */;
			targetProxy = 11CE9FF820BE891F005FB972 /* PBXContainerItemProxy */;
		};
		11CEA00420BE891F005FB972 /* PBXTargetDependency */ = {
			isa = PBXTargetDependency;
			target = 11CE9FDE20BE891E005FB972 /* compoment */;
			targetProxy = 11CEA00320BE891F005FB972 /* PBXContainerItemProxy */;
		};
/* End PBXTargetDependency section */

/* Begin PBXVariantGroup section */
		11CE9FE820BE891E005FB972 /* Main.storyboard */ = {
			isa = PBXVariantGroup;
			children = (
				11CE9FE920BE891E005FB972 /* Base */,
			);
			name = Main.storyboard;
			sourceTree = "<group>";
		};
		11CE9FED20BE891F005FB972 /* LaunchScreen.storyboard */ = {
			isa = PBXVariantGroup;
			children = (
				11CE9FEE20BE891F005FB972 /* Base */,
			);
			name = LaunchScreen.storyboard;
			sourceTree = "<group>";
		};
/* End PBXVariantGroup section */

/* Begin XCBuildConfiguration section */
		11CEA00920BE891F005FB972 /* Debug */ = {
			isa = XCBuildConfiguration;
			buildSettings = {
				ALWAYS_SEARCH_USER_PATHS = NO;
				CLANG_ANALYZER_NONNULL = YES;
				CLANG_ANALYZER_NUMBER_OBJECT_CONVERSION = YES_AGGRESSIVE;
				CLANG_CXX_LANGUAGE_STANDARD = "gnu++14";
				CLANG_CXX_LIBRARY = "libc++";
				CLANG_ENABLE_MODULES = YES;
				CLANG_ENABLE_OBJC_ARC = YES;
				CLANG_ENABLE_OBJC_WEAK = YES;
				CLANG_WARN_BLOCK_CAPTURE_AUTORELEASING = YES;
				CLANG_WARN_BOOL_CONVERSION = YES;
				CLANG_WARN_COMMA = YES;
				CLANG_WARN_CONSTANT_CONVERSION = YES;
				CLANG_WARN_DEPRECATED_OBJC_IMPLEMENTATIONS = YES;
				CLANG_WARN_DIRECT_OBJC_ISA_USAGE = YES_ERROR;
				CLANG_WARN_DOCUMENTATION_COMMENTS = YES;
				CLANG_WARN_EMPTY_BODY = YES;
				CLANG_WARN_ENUM_CONVERSION = YES;
				CLANG_WARN_INFINITE_RECURSION = YES;
				CLANG_WARN_INT_CONVERSION = YES;
				CLANG_WARN_NON_LITERAL_NULL_CONVERSION = YES;
				CLANG_WARN_OBJC_IMPLICIT_RETAIN_SELF = YES;
				CLANG_WARN_OBJC_LITERAL_CONVERSION = YES;
				CLANG_WARN_OBJC_ROOT_CLASS = YES_ERROR;
				CLANG_WARN_RANGE_LOOP_ANALYSIS = YES;
				CLANG_WARN_STRICT_PROTOTYPES = YES;
				CLANG_WARN_SUSPICIOUS_MOVE = YES;
				CLANG_WARN_UNGUARDED_AVAILABILITY = YES_AGGRESSIVE;
				CLANG_WARN_UNREACHABLE_CODE = YES;
				CLANG_WARN__DUPLICATE_METHOD_MATCH = YES;
				CODE_SIGN_IDENTITY = "iPhone Developer";
				COPY_PHASE_STRIP = NO;
				DEBUG_INFORMATION_FORMAT = dwarf;
				ENABLE_STRICT_OBJC_MSGSEND = YES;
				ENABLE_TESTABILITY = YES;
				GCC_C_LANGUAGE_STANDARD = gnu11;
				GCC_DYNAMIC_NO_PIC = NO;
				GCC_NO_COMMON_BLOCKS = YES;
				GCC_OPTIMIZATION_LEVEL = 0;
				GCC_PREPROCESSOR_DEFINITIONS = (
					"DEBUG=1",
					"$(inherited)",
				);
				GCC_WARN_64_TO_32_BIT_CONVERSION = YES;
				GCC_WARN_ABOUT_RETURN_TYPE = YES_ERROR;
				GCC_WARN_UNDECLARED_SELECTOR = YES;
				GCC_WARN_UNINITIALIZED_AUTOS = YES_AGGRESSIVE;
				GCC_WARN_UNUSED_FUNCTION = YES;
				GCC_WARN_UNUSED_VARIABLE = YES;
				IPHONEOS_DEPLOYMENT_TARGET = 11.3;
				MTL_ENABLE_DEBUG_INFO = YES;
				ONLY_ACTIVE_ARCH = YES;
				SDKROOT = iphoneos;
			};
			name = Debug;
		};
		11CEA00A20BE891F005FB972 /* Release */ = {
			isa = XCBuildConfiguration;
			buildSettings = {
				ALWAYS_SEARCH_USER_PATHS = NO;
				CLANG_ANALYZER_NONNULL = YES;
				CLANG_ANALYZER_NUMBER_OBJECT_CONVERSION = YES_AGGRESSIVE;
				CLANG_CXX_LANGUAGE_STANDARD = "gnu++14";
				CLANG_CXX_LIBRARY = "libc++";
				CLANG_ENABLE_MODULES = YES;
				CLANG_ENABLE_OBJC_ARC = YES;
				CLANG_ENABLE_OBJC_WEAK = YES;
				CLANG_WARN_BLOCK_CAPTURE_AUTORELEASING = YES;
				CLANG_WARN_BOOL_CONVERSION = YES;
				CLANG_WARN_COMMA = YES;
				CLANG_WARN_CONSTANT_CONVERSION = YES;
				CLANG_WARN_DEPRECATED_OBJC_IMPLEMENTATIONS = YES;
				CLANG_WARN_DIRECT_OBJC_ISA_USAGE = YES_ERROR;
				CLANG_WARN_DOCUMENTATION_COMMENTS = YES;
				CLANG_WARN_EMPTY_BODY = YES;
				CLANG_WARN_ENUM_CONVERSION = YES;
				CLANG_WARN_INFINITE_RECURSION = YES;
				CLANG_WARN_INT_CONVERSION = YES;
				CLANG_WARN_NON_LITERAL_NULL_CONVERSION = YES;
				CLANG_WARN_OBJC_IMPLICIT_RETAIN_SELF = YES;
				CLANG_WARN_OBJC_LITERAL_CONVERSION = YES;
				CLANG_WARN_OBJC_ROOT_CLASS = YES_ERROR;
				CLANG_WARN_RANGE_LOOP_ANALYSIS = YES;
				CLANG_WARN_STRICT_PROTOTYPES = YES;
				CLANG_WARN_SUSPICIOUS_MOVE = YES;
				CLANG_WARN_UNGUARDED_AVAILABILITY = YES_AGGRESSIVE;
				CLANG_WARN_UNREACHABLE_CODE = YES;
				CLANG_WARN__DUPLICATE_METHOD_MATCH = YES;
				CODE_SIGN_IDENTITY = "iPhone Developer";
				COPY_PHASE_STRIP = NO;
				DEBUG_INFORMATION_FORMAT = "dwarf-with-dsym";
				ENABLE_NS_ASSERTIONS = NO;
				ENABLE_STRICT_OBJC_MSGSEND = YES;
				GCC_C_LANGUAGE_STANDARD = gnu11;
				GCC_NO_COMMON_BLOCKS = YES;
				GCC_WARN_64_TO_32_BIT_CONVERSION = YES;
				GCC_WARN_ABOUT_RETURN_TYPE = YES_ERROR;
				GCC_WARN_UNDECLARED_SELECTOR = YES;
				GCC_WARN_UNINITIALIZED_AUTOS = YES_AGGRESSIVE;
				GCC_WARN_UNUSED_FUNCTION = YES;
				GCC_WARN_UNUSED_VARIABLE = YES;
				IPHONEOS_DEPLOYMENT_TARGET = 11.3;
				MTL_ENABLE_DEBUG_INFO = NO;
				SDKROOT = iphoneos;
				VALIDATE_PRODUCT = YES;
			};
			name = Release;
		};
		11CEA00C20BE891F005FB972 /* Debug */ = {
			isa = XCBuildConfiguration;
			buildSettings = {
				ASSETCATALOG_COMPILER_APPICON_NAME = AppIcon;
				CODE_SIGN_STYLE = Automatic;
				INFOPLIST_FILE = compoment/Info.plist;
				LD_RUNPATH_SEARCH_PATHS = (
					"$(inherited)",
					"@executable_path/Frameworks",
				);
				PRODUCT_BUNDLE_IDENTIFIER = eason.shi.compoment;
				PRODUCT_NAME = "$(TARGET_NAME)";
				TARGETED_DEVICE_FAMILY = "1,2";
			};
			name = Debug;
		};
		11CEA00D20BE891F005FB972 /* Release */ = {
			isa = XCBuildConfiguration;
			buildSettings = {
				ASSETCATALOG_COMPILER_APPICON_NAME = AppIcon;
				CODE_SIGN_STYLE = Automatic;
				INFOPLIST_FILE = compoment/Info.plist;
				LD_RUNPATH_SEARCH_PATHS = (
					"$(inherited)",
					"@executable_path/Frameworks",
				);
				PRODUCT_BUNDLE_IDENTIFIER = eason.shi.compoment;
				PRODUCT_NAME = "$(TARGET_NAME)";
				TARGETED_DEVICE_FAMILY = "1,2";
			};
			name = Release;
		};
		11CEA00F20BE891F005FB972 /* Debug */ = {
			isa = XCBuildConfiguration;
			buildSettings = {
				BUNDLE_LOADER = "$(TEST_HOST)";
				CODE_SIGN_STYLE = Automatic;
				INFOPLIST_FILE = compomentTests/Info.plist;
				LD_RUNPATH_SEARCH_PATHS = (
					"$(inherited)",
					"@executable_path/Frameworks",
					"@loader_path/Frameworks",
				);
				PRODUCT_BUNDLE_IDENTIFIER = eason.shi.compomentTests;
				PRODUCT_NAME = "$(TARGET_NAME)";
				TARGETED_DEVICE_FAMILY = "1,2";
				TEST_HOST = "$(BUILT_PRODUCTS_DIR)/compoment.app/compoment";
			};
			name = Debug;
		};
		11CEA01020BE891F005FB972 /* Release */ = {
			isa = XCBuildConfiguration;
			buildSettings = {
				BUNDLE_LOADER = "$(TEST_HOST)";
				CODE_SIGN_STYLE = Automatic;
				INFOPLIST_FILE = compomentTests/Info.plist;
				LD_RUNPATH_SEARCH_PATHS = (
					"$(inherited)",
					"@executable_path/Frameworks",
					"@loader_path/Frameworks",
				);
				PRODUCT_BUNDLE_IDENTIFIER = eason.shi.compomentTests;
				PRODUCT_NAME = "$(TARGET_NAME)";
				TARGETED_DEVICE_FAMILY = "1,2";
				TEST_HOST = "$(BUILT_PRODUCTS_DIR)/compoment.app/compoment";
			};
			name = Release;
		};
		11CEA01220BE891F005FB972 /* Debug */ = {
			isa = XCBuildConfiguration;
			buildSettings = {
				CODE_SIGN_STYLE = Automatic;
				INFOPLIST_FILE = compomentUITests/Info.plist;
				LD_RUNPATH_SEARCH_PATHS = (
					"$(inherited)",
					"@executable_path/Frameworks",
					"@loader_path/Frameworks",
				);
				PRODUCT_BUNDLE_IDENTIFIER = eason.shi.compomentUITests;
				PRODUCT_NAME = "$(TARGET_NAME)";
				TARGETED_DEVICE_FAMILY = "1,2";
				TEST_TARGET_NAME = compoment;
			};
			name = Debug;
		};
		11CEA01320BE891F005FB972 /* Release */ = {
			isa = XCBuildConfiguration;
			buildSettings = {
				CODE_SIGN_STYLE = Automatic;
				INFOPLIST_FILE = compomentUITests/Info.plist;
				LD_RUNPATH_SEARCH_PATHS = (
					"$(inherited)",
					"@executable_path/Frameworks",
					"@loader_path/Frameworks",
				);
				PRODUCT_BUNDLE_IDENTIFIER = eason.shi.compomentUITests;
				PRODUCT_NAME = "$(TARGET_NAME)";
				TARGETED_DEVICE_FAMILY = "1,2";
				TEST_TARGET_NAME = compoment;
			};
			name = Release;
		};
/* End XCBuildConfiguration section */

/* Begin XCConfigurationList section */
		11CE9FDA20BE891E005FB972 /* Build configuration list for PBXProject "compoment" */ = {
			isa = XCConfigurationList;
			buildConfigurations = (
				11CEA00920BE891F005FB972 /* Debug */,
				11CEA00A20BE891F005FB972 /* Release */,
			);
			defaultConfigurationIsVisible = 0;
			defaultConfigurationName = Release;
		};
		11CEA00B20BE891F005FB972 /* Build configuration list for PBXNativeTarget "compoment" */ = {
			isa = XCConfigurationList;
			buildConfigurations = (
				11CEA00C20BE891F005FB972 /* Debug */,
				11CEA00D20BE891F005FB972 /* Release */,
			);
			defaultConfigurationIsVisible = 0;
			defaultConfigurationName = Release;
		};
		11CEA00E20BE891F005FB972 /* Build configuration list for PBXNativeTarget "compomentTests" */ = {
			isa = XCConfigurationList;
			buildConfigurations = (
				11CEA00F20BE891F005FB972 /* Debug */,
				11CEA01020BE891F005FB972 /* Release */,
			);
			defaultConfigurationIsVisible = 0;
			defaultConfigurationName = Release;
		};
		11CEA01120BE891F005FB972 /* Build configuration list for PBXNativeTarget "compomentUITests" */ = {
			isa = XCConfigurationList;
			buildConfigurations = (
				11CEA01220BE891F005FB972 /* Debug */,
				11CEA01320BE891F005FB972 /* Release */,
			);
			defaultConfigurationIsVisible = 0;
			defaultConfigurationName = Release;
		};
/* End XCConfigurationList section */
	};
	rootObject = 11CE9FD720BE891E005FB972 /* Project object */;
}
